{
  "object": {
    "pins": [
      {
        "package": "CoreBluetoothMock",
        "repositoryURL": "https://github.com/NordicSemiconductor/IOS-CoreBluetooth-Mock.git",
        "state": {
          "branch": null,
          "revision": "360ba1f26a99e5f90a0197bfa173b19c5c948ea2",
          "version": "0.12.1"
        }
      },
      {
        "package": "LittleBlueTooth",
        "repositoryURL": "https://github.com/DrAma999/LittleBlueTooth.git",
        "state": {
          "branch": null,
          "revision": "9149d715984f98860536c027e4ea9845adfc3c06",
          "version": "0.6.9"
        }
      }
    ]
  },
  "version": 1
}
