// !$*UTF8*$!
{
	archiveVersion = 1;
	classes = {
	};
	objectVersion = 52;
	objects = {

/* Begin PBXBuildFile section */
		65061A7424FABE170081EAAB /* LittleBlueTooth in Frameworks */ = {isa = PBXBuildFile; productRef = 65061A7324FABE170081EAAB /* LittleBlueTooth */; };
		65869A382492893200A00906 /* AppDelegate.swift in Sources */ = {isa = PBXBuildFile; fileRef = 65869A372492893200A00906 /* AppDelegate.swift */; };
		65869A3A2492893200A00906 /* SceneDelegate.swift in Sources */ = {isa = PBXBuildFile; fileRef = 65869A392492893200A00906 /* SceneDelegate.swift */; };
		65869A3C2492893200A00906 /* ViewController.swift in Sources */ = {isa = PBXBuildFile; fileRef = 65869A3B2492893200A00906 /* ViewController.swift */; };
		65869A3F2492893200A00906 /* Main.storyboard in Resources */ = {isa = PBXBuildFile; fileRef = 65869A3D2492893200A00906 /* Main.storyboard */; };
		65869A412492893300A00906 /* Assets.xcassets in Resources */ = {isa = PBXBuildFile; fileRef = 65869A402492893300A00906 /* Assets.xcassets */; };
		65869A442492893300A00906 /* LaunchScreen.storyboard in Resources */ = {isa = PBXBuildFile; fileRef = 65869A422492893300A00906 /* LaunchScreen.storyboard */; };
		65869A4F2492893300A00906 /* TestTests.swift in Sources */ = {isa = PBXBuildFile; fileRef = 65869A4E2492893300A00906 /* TestTests.swift */; };
		65F63EE824F9934D000E3474 /* Model.swift in Sources */ = {isa = PBXBuildFile; fileRef = 65F63EE724F9934D000E3474 /* Model.swift */; };
/* End PBXBuildFile section */

/* Begin PBXContainerItemProxy section */
		65869A4B2492893300A00906 /* PBXContainerItemProxy */ = {
			isa = PBXContainerItemProxy;
			containerPortal = 65869A2C2492893200A00906 /* Project object */;
			proxyType = 1;
			remoteGlobalIDString = 65869A332492893200A00906;
			remoteInfo = Test;
		};
/* End PBXContainerItemProxy section */

/* Begin PBXCopyFilesBuildPhase section */
		65869A652492894900A00906 /* Embed Frameworks */ = {
			isa = PBXCopyFilesBuildPhase;
			buildActionMask = 2147483647;
			dstPath = "";
			dstSubfolderSpec = 10;
			files = (
			);
			name = "Embed Frameworks";
			runOnlyForDeploymentPostprocessing = 0;
		};
/* End PBXCopyFilesBuildPhase section */

/* Begin PBXFileReference section */
		65869A342492893200A00906 /* Test.app */ = {isa = PBXFileReference; explicitFileType = wrapper.application; includeInIndex = 0; path = Test.app; sourceTree = BUILT_PRODUCTS_DIR; };
		65869A372492893200A00906 /* AppDelegate.swift */ = {isa = PBXFileReference; lastKnownFileType = sourcecode.swift; path = AppDelegate.swift; sourceTree = "<group>"; };
		65869A392492893200A00906 /* SceneDelegate.swift */ = {isa = PBXFileReference; lastKnownFileType = sourcecode.swift; path = SceneDelegate.swift; sourceTree = "<group>"; };
		65869A3B2492893200A00906 /* ViewController.swift */ = {isa = PBXFileReference; lastKnownFileType = sourcecode.swift; path = ViewController.swift; sourceTree = "<group>"; };
		65869A3E2492893200A00906 /* Base */ = {isa = PBXFileReference; lastKnownFileType = file.storyboard; name = Base; path = Base.lproj/Main.storyboard; sourceTree = "<group>"; };
		65869A402492893300A00906 /* Assets.xcassets */ = {isa = PBXFileReference; lastKnownFileType = folder.assetcatalog; path = Assets.xcassets; sourceTree = "<group>"; };
		65869A432492893300A00906 /* Base */ = {isa = PBXFileReference; lastKnownFileType = file.storyboard; name = Base; path = Base.lproj/LaunchScreen.storyboard; sourceTree = "<group>"; };
		65869A452492893300A00906 /* Info.plist */ = {isa = PBXFileReference; lastKnownFileType = text.plist.xml; path = Info.plist; sourceTree = "<group>"; };
		65869A4A2492893300A00906 /* TestTests.xctest */ = {isa = PBXFileReference; explicitFileType = wrapper.cfbundle; includeInIndex = 0; path = TestTests.xctest; sourceTree = BUILT_PRODUCTS_DIR; };
		65869A4E2492893300A00906 /* TestTests.swift */ = {isa = PBXFileReference; lastKnownFileType = sourcecode.swift; path = TestTests.swift; sourceTree = "<group>"; };
		65869A502492893300A00906 /* Info.plist */ = {isa = PBXFileReference; lastKnownFileType = text.plist.xml; path = Info.plist; sourceTree = "<group>"; };
		65F63EE724F9934D000E3474 /* Model.swift */ = {isa = PBXFileReference; lastKnownFileType = sourcecode.swift; path = Model.swift; sourceTree = "<group>"; };
/* End PBXFileReference section */

/* Begin PBXFrameworksBuildPhase section */
		65869A312492893200A00906 /* Frameworks */ = {
			isa = PBXFrameworksBuildPhase;
			buildActionMask = 2147483647;
			files = (
				65061A7424FABE170081EAAB /* LittleBlueTooth in Frameworks */,
			);
			runOnlyForDeploymentPostprocessing = 0;
		};
		65869A472492893300A00906 /* Frameworks */ = {
			isa = PBXFrameworksBuildPhase;
			buildActionMask = 2147483647;
			files = (
			);
			runOnlyForDeploymentPostprocessing = 0;
		};
/* End PBXFrameworksBuildPhase section */

/* Begin PBXGroup section */
		65869A2B2492893200A00906 = {
			isa = PBXGroup;
			children = (
				65869A362492893200A00906 /* Test */,
				65869A4D2492893300A00906 /* TestTests */,
				65869A352492893200A00906 /* Products */,
				65869A622492894900A00906 /* Frameworks */,
			);
			sourceTree = "<group>";
		};
		65869A352492893200A00906 /* Products */ = {
			isa = PBXGroup;
			children = (
				65869A342492893200A00906 /* Test.app */,
				65869A4A2492893300A00906 /* TestTests.xctest */,
			);
			name = Products;
			sourceTree = "<group>";
		};
		65869A362492893200A00906 /* Test */ = {
			isa = PBXGroup;
			children = (
				65869A372492893200A00906 /* AppDelegate.swift */,
				65869A392492893200A00906 /* SceneDelegate.swift */,
				65869A3B2492893200A00906 /* ViewController.swift */,
				65869A3D2492893200A00906 /* Main.storyboard */,
				65869A402492893300A00906 /* Assets.xcassets */,
				65869A422492893300A00906 /* LaunchScreen.storyboard */,
				65869A452492893300A00906 /* Info.plist */,
				65F63EE724F9934D000E3474 /* Model.swift */,
			);
			path = Test;
			sourceTree = "<group>";
		};
		65869A4D2492893300A00906 /* TestTests */ = {
			isa = PBXGroup;
			children = (
				65869A4E2492893300A00906 /* TestTests.swift */,
				65869A502492893300A00906 /* Info.plist */,
			);
			path = TestTests;
			sourceTree = "<group>";
		};
		65869A622492894900A00906 /* Frameworks */ = {
			isa = PBXGroup;
			children = (
			);
			name = Frameworks;
			sourceTree = "<group>";
		};
/* End PBXGroup section */

/* Begin PBXNativeTarget section */
		65869A332492893200A00906 /* Test */ = {
			isa = PBXNativeTarget;
			buildConfigurationList = 65869A532492893300A00906 /* Build configuration list for PBXNativeTarget "Test" */;
			buildPhases = (
				65869A302492893200A00906 /* Sources */,
				65869A312492893200A00906 /* Frameworks */,
				65869A322492893200A00906 /* Resources */,
				65869A652492894900A00906 /* Embed Frameworks */,
			);
			buildRules = (
			);
			dependencies = (
			);
			name = Test;
			packageProductDependencies = (
				65061A7324FABE170081EAAB /* LittleBlueTooth */,
			);
			productName = Test;
			productReference = 65869A342492893200A00906 /* Test.app */;
			productType = "com.apple.product-type.application";
		};
		65869A492492893300A00906 /* TestTests */ = {
			isa = PBXNativeTarget;
			buildConfigurationList = 65869A562492893300A00906 /* Build configuration list for PBXNativeTarget "TestTests" */;
			buildPhases = (
				65869A462492893300A00906 /* Sources */,
				65869A472492893300A00906 /* Frameworks */,
				65869A482492893300A00906 /* Resources */,
			);
			buildRules = (
			);
			dependencies = (
				65869A4C2492893300A00906 /* PBXTargetDependency */,
			);
			name = TestTests;
			productName = TestTests;
			productReference = 65869A4A2492893300A00906 /* TestTests.xctest */;
			productType = "com.apple.product-type.bundle.unit-test";
		};
/* End PBXNativeTarget section */

/* Begin PBXProject section */
		65869A2C2492893200A00906 /* Project object */ = {
			isa = PBXProject;
			attributes = {
				LastSwiftUpdateCheck = 1150;
				LastUpgradeCheck = 1150;
				ORGANIZATIONNAME = "Andrea Finollo";
				TargetAttributes = {
					65869A332492893200A00906 = {
						CreatedOnToolsVersion = 11.5;
					};
					65869A492492893300A00906 = {
						CreatedOnToolsVersion = 11.5;
						TestTargetID = 65869A332492893200A00906;
					};
				};
			};
			buildConfigurationList = 65869A2F2492893200A00906 /* Build configuration list for PBXProject "Test" */;
			compatibilityVersion = "Xcode 9.3";
			developmentRegion = en;
			hasScannedForEncodings = 0;
			knownRegions = (
				en,
				Base,
			);
			mainGroup = 65869A2B2492893200A00906;
			packageReferences = (
				65061A7224FABE170081EAAB /* XCRemoteSwiftPackageReference "LittleBlueTooth" */,
			);
			productRefGroup = 65869A352492893200A00906 /* Products */;
			projectDirPath = "";
			projectRoot = "";
			targets = (
				65869A332492893200A00906 /* Test */,
				65869A492492893300A00906 /* TestTests */,
			);
		};
/* End PBXProject section */

/* Begin PBXResourcesBuildPhase section */
		65869A322492893200A00906 /* Resources */ = {
			isa = PBXResourcesBuildPhase;
			buildActionMask = 2147483647;
			files = (
				65869A442492893300A00906 /* LaunchScreen.storyboard in Resources */,
				65869A412492893300A00906 /* Assets.xcassets in Resources */,
				65869A3F2492893200A00906 /* Main.storyboard in Resources */,
			);
			runOnlyForDeploymentPostprocessing = 0;
		};
		65869A482492893300A00906 /* Resources */ = {
			isa = PBXResourcesBuildPhase;
			buildActionMask = 2147483647;
			files = (
			);
			runOnlyForDeploymentPostprocessing = 0;
		};
/* End PBXResourcesBuildPhase section */

/* Begin PBXSourcesBuildPhase section */
		65869A302492893200A00906 /* Sources */ = {
			isa = PBXSourcesBuildPhase;
			buildActionMask = 2147483647;
			files = (
				65869A3C2492893200A00906 /* ViewController.swift in Sources */,
				65869A382492893200A00906 /* AppDelegate.swift in Sources */,
				65869A3A2492893200A00906 /* SceneDelegate.swift in Sources */,
				65F63EE824F9934D000E3474 /* Model.swift in Sources */,
			);
			runOnlyForDeploymentPostprocessing = 0;
		};
		65869A462492893300A00906 /* Sources */ = {
			isa = PBXSourcesBuildPhase;
			buildActionMask = 2147483647;
			files = (
				65869A4F2492893300A00906 /* TestTests.swift in Sources */,
			);
			runOnlyForDeploymentPostprocessing = 0;
		};
/* End PBXSourcesBuildPhase section */

/* Begin PBXTargetDependency section */
		65869A4C2492893300A00906 /* PBXTargetDependency */ = {
			isa = PBXTargetDependency;
			target = 65869A332492893200A00906 /* Test */;
			targetProxy = 65869A4B2492893300A00906 /* PBXContainerItemProxy */;
		};
/* End PBXTargetDependency section */

/* Begin PBXVariantGroup section */
		65869A3D2492893200A00906 /* Main.storyboard */ = {
			isa = PBXVariantGroup;
			children = (
				65869A3E2492893200A00906 /* Base */,
			);
			name = Main.storyboard;
			sourceTree = "<group>";
		};
		65869A422492893300A00906 /* LaunchScreen.storyboard */ = {
			isa = PBXVariantGroup;
			children = (
				65869A432492893300A00906 /* Base */,
			);
			name = LaunchScreen.storyboard;
			sourceTree = "<group>";
		};
/* End PBXVariantGroup section */

/* Begin XCBuildConfiguration section */
		65869A512492893300A00906 /* Debug */ = {
			isa = XCBuildConfiguration;
			buildSettings = {
				ALWAYS_SEARCH_USER_PATHS = NO;
				CLANG_ANALYZER_NONNULL = YES;
				CLANG_ANALYZER_NUMBER_OBJECT_CONVERSION = YES_AGGRESSIVE;
				CLANG_CXX_LANGUAGE_STANDARD = "gnu++14";
				CLANG_CXX_LIBRARY = "libc++";
				CLANG_ENABLE_MODULES = YES;
				CLANG_ENABLE_OBJC_ARC = YES;
				CLANG_ENABLE_OBJC_WEAK = YES;
				CLANG_WARN_BLOCK_CAPTURE_AUTORELEASING = YES;
				CLANG_WARN_BOOL_CONVERSION = YES;
				CLANG_WARN_COMMA = YES;
				CLANG_WARN_CONSTANT_CONVERSION = YES;
				CLANG_WARN_DEPRECATED_OBJC_IMPLEMENTATIONS = YES;
				CLANG_WARN_DIRECT_OBJC_ISA_USAGE = YES_ERROR;
				CLANG_WARN_DOCUMENTATION_COMMENTS = YES;
				CLANG_WARN_EMPTY_BODY = YES;
				CLANG_WARN_ENUM_CONVERSION = YES;
				CLANG_WARN_INFINITE_RECURSION = YES;
				CLANG_WARN_INT_CONVERSION = YES;
				CLANG_WARN_NON_LITERAL_NULL_CONVERSION = YES;
				CLANG_WARN_OBJC_IMPLICIT_RETAIN_SELF = YES;
				CLANG_WARN_OBJC_LITERAL_CONVERSION = YES;
				CLANG_WARN_OBJC_ROOT_CLASS = YES_ERROR;
				CLANG_WARN_RANGE_LOOP_ANALYSIS = YES;
				CLANG_WARN_STRICT_PROTOTYPES = YES;
				CLANG_WARN_SUSPICIOUS_MOVE = YES;
				CLANG_WARN_UNGUARDED_AVAILABILITY = YES_AGGRESSIVE;
				CLANG_WARN_UNREACHABLE_CODE = YES;
				CLANG_WARN__DUPLICATE_METHOD_MATCH = YES;
				COPY_PHASE_STRIP = NO;
				DEBUG_INFORMATION_FORMAT = dwarf;
				ENABLE_STRICT_OBJC_MSGSEND = YES;
				ENABLE_TESTABILITY = YES;
				GCC_C_LANGUAGE_STANDARD = gnu11;
				GCC_DYNAMIC_NO_PIC = NO;
				GCC_NO_COMMON_BLOCKS = YES;
				GCC_OPTIMIZATION_LEVEL = 0;
				GCC_PREPROCESSOR_DEFINITIONS = (
					"DEBUG=1",
					"$(inherited)",
				);
				GCC_WARN_64_TO_32_BIT_CONVERSION = YES;
				GCC_WARN_ABOUT_RETURN_TYPE = YES_ERROR;
				GCC_WARN_UNDECLARED_SELECTOR = YES;
				GCC_WARN_UNINITIALIZED_AUTOS = YES_AGGRESSIVE;
				GCC_WARN_UNUSED_FUNCTION = YES;
				GCC_WARN_UNUSED_VARIABLE = YES;
				IPHONEOS_DEPLOYMENT_TARGET = 13.5;
				MTL_ENABLE_DEBUG_INFO = INCLUDE_SOURCE;
				MTL_FAST_MATH = YES;
				ONLY_ACTIVE_ARCH = YES;
				SDKROOT = iphoneos;
				SWIFT_ACTIVE_COMPILATION_CONDITIONS = DEBUG;
				SWIFT_OPTIMIZATION_LEVEL = "-Onone";
			};
			name = Debug;
		};
		65869A522492893300A00906 /* Release */ = {
			isa = XCBuildConfiguration;
			buildSettings = {
				ALWAYS_SEARCH_USER_PATHS = NO;
				CLANG_ANALYZER_NONNULL = YES;
				CLANG_ANALYZER_NUMBER_OBJECT_CONVERSION = YES_AGGRESSIVE;
				CLANG_CXX_LANGUAGE_STANDARD = "gnu++14";
				CLANG_CXX_LIBRARY = "libc++";
				CLANG_ENABLE_MODULES = YES;
				CLANG_ENABLE_OBJC_ARC = YES;
				CLANG_ENABLE_OBJC_WEAK = YES;
				CLANG_WARN_BLOCK_CAPTURE_AUTORELEASING = YES;
				CLANG_WARN_BOOL_CONVERSION = YES;
				CLANG_WARN_COMMA = YES;
				CLANG_WARN_CONSTANT_CONVERSION = YES;
				CLANG_WARN_DEPRECATED_OBJC_IMPLEMENTATIONS = YES;
				CLANG_WARN_DIRECT_OBJC_ISA_USAGE = YES_ERROR;
				CLANG_WARN_DOCUMENTATION_COMMENTS = YES;
				CLANG_WARN_EMPTY_BODY = YES;
				CLANG_WARN_ENUM_CONVERSION = YES;
				CLANG_WARN_INFINITE_RECURSION = YES;
				CLANG_WARN_INT_CONVERSION = YES;
				CLANG_WARN_NON_LITERAL_NULL_CONVERSION = YES;
				CLANG_WARN_OBJC_IMPLICIT_RETAIN_SELF = YES;
				CLANG_WARN_OBJC_LITERAL_CONVERSION = YES;
				CLANG_WARN_OBJC_ROOT_CLASS = YES_ERROR;
				CLANG_WARN_RANGE_LOOP_ANALYSIS = YES;
				CLANG_WARN_STRICT_PROTOTYPES = YES;
				CLANG_WARN_SUSPICIOUS_MOVE = YES;
				CLANG_WARN_UNGUARDED_AVAILABILITY = YES_AGGRESSIVE;
				CLANG_WARN_UNREACHABLE_CODE = YES;
				CLANG_WARN__DUPLICATE_METHOD_MATCH = YES;
				COPY_PHASE_STRIP = NO;
				DEBUG_INFORMATION_FORMAT = "dwarf-with-dsym";
				ENABLE_NS_ASSERTIONS = NO;
				ENABLE_STRICT_OBJC_MSGSEND = YES;
				GCC_C_LANGUAGE_STANDARD = gnu11;
				GCC_NO_COMMON_BLOCKS = YES;
				GCC_WARN_64_TO_32_BIT_CONVERSION = YES;
				GCC_WARN_ABOUT_RETURN_TYPE = YES_ERROR;
				GCC_WARN_UNDECLARED_SELECTOR = YES;
				GCC_WARN_UNINITIALIZED_AUTOS = YES_AGGRESSIVE;
				GCC_WARN_UNUSED_FUNCTION = YES;
				GCC_WARN_UNUSED_VARIABLE = YES;
				IPHONEOS_DEPLOYMENT_TARGET = 13.5;
				MTL_ENABLE_DEBUG_INFO = NO;
				MTL_FAST_MATH = YES;
				SDKROOT = iphoneos;
				SWIFT_COMPILATION_MODE = wholemodule;
				SWIFT_OPTIMIZATION_LEVEL = "-O";
				VALIDATE_PRODUCT = YES;
			};
			name = Release;
		};
		65869A542492893300A00906 /* Debug */ = {
			isa = XCBuildConfiguration;
			buildSettings = {
				ASSETCATALOG_COMPILER_APPICON_NAME = AppIcon;
				CODE_SIGN_STYLE = Automatic;
				DEVELOPMENT_TEAM = 3RU2378YA5;
				INFOPLIST_FILE = Test/Info.plist;
				LD_RUNPATH_SEARCH_PATHS = (
					"$(inherited)",
					"@executable_path/Frameworks",
				);
				PRODUCT_BUNDLE_IDENTIFIER = it.vanillagorilla.Test;
				PRODUCT_NAME = "$(TARGET_NAME)";
				SWIFT_VERSION = 5.0;
				TARGETED_DEVICE_FAMILY = "1,2";
			};
			name = Debug;
		};
		65869A552492893300A00906 /* Release */ = {
			isa = XCBuildConfiguration;
			buildSettings = {
				ASSETCATALOG_COMPILER_APPICON_NAME = AppIcon;
				CODE_SIGN_STYLE = Automatic;
				DEVELOPMENT_TEAM = 3RU2378YA5;
				INFOPLIST_FILE = Test/Info.plist;
				LD_RUNPATH_SEARCH_PATHS = (
					"$(inherited)",
					"@executable_path/Frameworks",
				);
				PRODUCT_BUNDLE_IDENTIFIER = it.vanillagorilla.Test;
				PRODUCT_NAME = "$(TARGET_NAME)";
				SWIFT_VERSION = 5.0;
				TARGETED_DEVICE_FAMILY = "1,2";
			};
			name = Release;
		};
		65869A572492893300A00906 /* Debug */ = {
			isa = XCBuildConfiguration;
			buildSettings = {
				ALWAYS_EMBED_SWIFT_STANDARD_LIBRARIES = YES;
				BUNDLE_LOADER = "$(TEST_HOST)";
				CODE_SIGN_STYLE = Automatic;
				DEVELOPMENT_TEAM = 3RU2378YA5;
				INFOPLIST_FILE = TestTests/Info.plist;
				IPHONEOS_DEPLOYMENT_TARGET = 13.5;
				LD_RUNPATH_SEARCH_PATHS = (
					"$(inherited)",
					"@executable_path/Frameworks",
					"@loader_path/Frameworks",
				);
				PRODUCT_BUNDLE_IDENTIFIER = it.vanillagorilla.TestTests;
				PRODUCT_NAME = "$(TARGET_NAME)";
				SWIFT_VERSION = 5.0;
				TARGETED_DEVICE_FAMILY = "1,2";
				TEST_HOST = "$(BUILT_PRODUCTS_DIR)/Test.app/Test";
			};
			name = Debug;
		};
		65869A582492893300A00906 /* Release */ = {
			isa = XCBuildConfiguration;
			buildSettings = {
				ALWAYS_EMBED_SWIFT_STANDARD_LIBRARIES = YES;
				BUNDLE_LOADER = "$(TEST_HOST)";
				CODE_SIGN_STYLE = Automatic;
				DEVELOPMENT_TEAM = 3RU2378YA5;
				INFOPLIST_FILE = TestTests/Info.plist;
				IPHONEOS_DEPLOYMENT_TARGET = 13.5;
				LD_RUNPATH_SEARCH_PATHS = (
					"$(inherited)",
					"@executable_path/Frameworks",
					"@loader_path/Frameworks",
				);
				PRODUCT_BUNDLE_IDENTIFIER = it.vanillagorilla.TestTests;
				PRODUCT_NAME = "$(TARGET_NAME)";
				SWIFT_VERSION = 5.0;
				TARGETED_DEVICE_FAMILY = "1,2";
				TEST_HOST = "$(BUILT_PRODUCTS_DIR)/Test.app/Test";
			};
			name = Release;
		};
/* End XCBuildConfiguration section */

/* Begin XCConfigurationList section */
		65869A2F2492893200A00906 /* Build configuration list for PBXProject "Test" */ = {
			isa = XCConfigurationList;
			buildConfigurations = (
				65869A512492893300A00906 /* Debug */,
				65869A522492893300A00906 /* Release */,
			);
			defaultConfigurationIsVisible = 0;
			defaultConfigurationName = Release;
		};
		65869A532492893300A00906 /* Build configuration list for PBXNativeTarget "Test" */ = {
			isa = XCConfigurationList;
			buildConfigurations = (
				65869A542492893300A00906 /* Debug */,
				65869A552492893300A00906 /* Release */,
			);
			defaultConfigurationIsVisible = 0;
			defaultConfigurationName = Release;
		};
		65869A562492893300A00906 /* Build configuration list for PBXNativeTarget "TestTests" */ = {
			isa = XCConfigurationList;
			buildConfigurations = (
				65869A572492893300A00906 /* Debug */,
				65869A582492893300A00906 /* Release */,
			);
			defaultConfigurationIsVisible = 0;
			defaultConfigurationName = Release;
		};
/* End XCConfigurationList section */

/* Begin XCRemoteSwiftPackageReference section */
		65061A7224FABE170081EAAB /* XCRemoteSwiftPackageReference "LittleBlueTooth" */ = {
			isa = XCRemoteSwiftPackageReference;
			repositoryURL = "https://github.com/DrAma999/LittleBlueTooth.git";
			requirement = {
				kind = upToNextMajorVersion;
				minimumVersion = 0.5.0;
			};
		};
/* End XCRemoteSwiftPackageReference section */

/* Begin XCSwiftPackageProductDependency section */
		65061A7324FABE170081EAAB /* LittleBlueTooth */ = {
			isa = XCSwiftPackageProductDependency;
			package = 65061A7224FABE170081EAAB /* XCRemoteSwiftPackageReference "LittleBlueTooth" */;
			productName = LittleBlueTooth;
		};
/* End XCSwiftPackageProductDependency section */
	};
	rootObject = 65869A2C2492893200A00906 /* Project object */;
}
